
Microsoft Visual Studio Solution File, Format Version 12.00
# Visual Studio 15
VisualStudioVersion = 15.0.28307.539
MinimumVisualStudioVersion = 10.0.40219.1
Project("{FAE04EC0-301F-11D3-BF4B-00C04F79EFBC}") = "EmployeeInformation", "EmployeeInformation\EmployeeInformation.csproj", "{91F7B037-9678-4361-8661-D9C3FA532895}"
EndProject
Project("{FAE04EC0-301F-11D3-BF4B-00C04F79EFBC}") = "EmpDetails", "EmpDetails\EmpDetails.csproj", "{26BF7E3A-FAB6-462A-9F88-7B7D730419E7}"
EndProject
Global
	GlobalSection(SolutionConfigurationPlatforms) = preSolution
		Debug|Any CPU = Debug|Any CPU
		Release|Any CPU = Release|Any CPU
	EndGlobalSection
	GlobalSection(ProjectConfigurationPlatforms) = postSolution
		{91F7B037-9678-4361-8661-D9C3FA532895}.Debug|Any CPU.ActiveCfg = Debug|Any CPU
		{91F7B037-9678-4361-8661-D9C3FA532895}.Debug|Any CPU.Build.0 = Debug|Any CPU
		{91F7B037-9678-4361-8661-D9C3FA532895}.Release|Any CPU.ActiveCfg = Release|Any CPU
		{91F7B037-9678-4361-8661-D9C3FA532895}.Release|Any CPU.Build.0 = Release|Any CPU
		{26BF7E3A-FAB6-462A-9F88-7B7D730419E7}.Debug|Any CPU.ActiveCfg = Debug|Any CPU
		{26BF7E3A-FAB6-462A-9F88-7B7D730419E7}.Debug|Any CPU.Build.0 = Debug|Any CPU
		{26BF7E3A-FAB6-462A-9F88-7B7D730419E7}.Release|Any CPU.ActiveCfg = Release|Any CPU
		{26BF7E3A-FAB6-462A-9F88-7B7D730419E7}.Release|Any CPU.Build.0 = Release|Any CPU
	EndGlobalSection
	GlobalSection(SolutionProperties) = preSolution
		HideSolutionNode = FALSE
	EndGlobalSection
	GlobalSection(ExtensibilityGlobals) = postSolution
		SolutionGuid = {0EE77FCA-0197-4942-B612-39BCA2987463}
	EndGlobalSection
EndGlobal
